
Microsoft Visual Studio Solution File, Format Version 12.00
# Visual Studio Version 16
VisualStudioVersion = 16.0.29709.97
MinimumVisualStudioVersion = 10.0.40219.1
Project("{FAE04EC0-301F-11D3-BF4B-00C04F79EFBC}") = "ServiceApp", "PresentationWinForms\ServiceApp.csproj", "{11A12811-EC99-4265-A6F8-7ADD89582C7C}"
	ProjectSection(ProjectDependencies) = postProject
		{995B3702-B9DC-45B6-91EA-5CCCC7AEC7CE} = {995B3702-B9DC-45B6-91EA-5CCCC7AEC7CE}
		{6DCFF691-FFBB-45B4-90A9-36806AE27D02} = {6DCFF691-FFBB-45B4-90A9-36806AE27D02}
		{C75697AB-D456-44EB-86A4-A1C23BC776EC} = {C75697AB-D456-44EB-86A4-A1C23BC776EC}
	EndProjectSection
EndProject
Project("{FAE04EC0-301F-11D3-BF4B-00C04F79EFBC}") = "AnalyzerService", "AnalyzerControlCore\AnalyzerService.csproj", "{C75697AB-D456-44EB-86A4-A1C23BC776EC}"
	ProjectSection(ProjectDependencies) = postProject
		{995B3702-B9DC-45B6-91EA-5CCCC7AEC7CE} = {995B3702-B9DC-45B6-91EA-5CCCC7AEC7CE}
		{6DCFF691-FFBB-45B4-90A9-36806AE27D02} = {6DCFF691-FFBB-45B4-90A9-36806AE27D02}
	EndProjectSection
EndProject
Project("{FAE04EC0-301F-11D3-BF4B-00C04F79EFBC}") = "Infrastructure", "Infrastructure\Infrastructure.csproj", "{6DCFF691-FFBB-45B4-90A9-36806AE27D02}"
EndProject
Project("{FAE04EC0-301F-11D3-BF4B-00C04F79EFBC}") = "AnalyzerCommunication", "AnalyzerCommunication\AnalyzerCommunication.csproj", "{995B3702-B9DC-45B6-91EA-5CCCC7AEC7CE}"
EndProject
Project("{FAE04EC0-301F-11D3-BF4B-00C04F79EFBC}") = "AnalyzerConfiguration", "AnalyzerConfiguration\AnalyzerConfiguration.csproj", "{33E1FE15-0DDE-4EFB-8359-CD035C95E16D}"
EndProject
Project("{FAE04EC0-301F-11D3-BF4B-00C04F79EFBC}") = "AnalyzerDomain", "AnalyzerDomain\AnalyzerDomain.csproj", "{17D7A05E-C6D1-4892-B92A-FB3741AB588F}"
EndProject
Project("{FAE04EC0-301F-11D3-BF4B-00C04F79EFBC}") = "AnalyzerControl", "AnalyzerControl\AnalyzerControl.csproj", "{9FDBC665-FB23-4401-92E3-81E0FF9E4D71}"
EndProject
Project("{FAE04EC0-301F-11D3-BF4B-00C04F79EFBC}") = "AnalyzerCncControl", "AnalyzerCncControl\AnalyzerCncControl.csproj", "{98E63E4E-12CE-4F4E-B016-38FBD49AECAA}"
EndProject
Project("{FAE04EC0-301F-11D3-BF4B-00C04F79EFBC}") = "AnalyzerControlGUI", "AnalyzerControlGUI\AnalyzerControlGUI.csproj", "{F1256FEA-1F18-4CBC-9BE5-B1E5DF65551A}"
EndProject
Project("{FAE04EC0-301F-11D3-BF4B-00C04F79EFBC}") = "RemoteDatabaseApp", "RemoteDatabaseApp\RemoteDatabaseApp.csproj", "{CF8407EE-C42A-4485-ABF8-9AAA80AD172B}"
EndProject
Project("{FAE04EC0-301F-11D3-BF4B-00C04F79EFBC}") = "ClientConsoleApp", "ClientConsoleApp\ClientConsoleApp.csproj", "{88D0F5C2-4D5F-47EC-B040-188D8D675601}"
EndProject
Global
	GlobalSection(SolutionConfigurationPlatforms) = preSolution
		Debug|Any CPU = Debug|Any CPU
		Release|Any CPU = Release|Any CPU
	EndGlobalSection
	GlobalSection(ProjectConfigurationPlatforms) = postSolution
		{11A12811-EC99-4265-A6F8-7ADD89582C7C}.Debug|Any CPU.ActiveCfg = Debug|Any CPU
		{11A12811-EC99-4265-A6F8-7ADD89582C7C}.Debug|Any CPU.Build.0 = Debug|Any CPU
		{11A12811-EC99-4265-A6F8-7ADD89582C7C}.Release|Any CPU.ActiveCfg = Release|Any CPU
		{11A12811-EC99-4265-A6F8-7ADD89582C7C}.Release|Any CPU.Build.0 = Release|Any CPU
		{C75697AB-D456-44EB-86A4-A1C23BC776EC}.Debug|Any CPU.ActiveCfg = Debug|Any CPU
		{C75697AB-D456-44EB-86A4-A1C23BC776EC}.Debug|Any CPU.Build.0 = Debug|Any CPU
		{C75697AB-D456-44EB-86A4-A1C23BC776EC}.Release|Any CPU.ActiveCfg = Release|Any CPU
		{C75697AB-D456-44EB-86A4-A1C23BC776EC}.Release|Any CPU.Build.0 = Release|Any CPU
		{6DCFF691-FFBB-45B4-90A9-36806AE27D02}.Debug|Any CPU.ActiveCfg = Debug|Any CPU
		{6DCFF691-FFBB-45B4-90A9-36806AE27D02}.Debug|Any CPU.Build.0 = Debug|Any CPU
		{6DCFF691-FFBB-45B4-90A9-36806AE27D02}.Release|Any CPU.ActiveCfg = Release|Any CPU
		{6DCFF691-FFBB-45B4-90A9-36806AE27D02}.Release|Any CPU.Build.0 = Release|Any CPU
		{995B3702-B9DC-45B6-91EA-5CCCC7AEC7CE}.Debug|Any CPU.ActiveCfg = Debug|Any CPU
		{995B3702-B9DC-45B6-91EA-5CCCC7AEC7CE}.Debug|Any CPU.Build.0 = Debug|Any CPU
		{995B3702-B9DC-45B6-91EA-5CCCC7AEC7CE}.Release|Any CPU.ActiveCfg = Release|Any CPU
		{995B3702-B9DC-45B6-91EA-5CCCC7AEC7CE}.Release|Any CPU.Build.0 = Release|Any CPU
		{33E1FE15-0DDE-4EFB-8359-CD035C95E16D}.Debug|Any CPU.ActiveCfg = Debug|Any CPU
		{33E1FE15-0DDE-4EFB-8359-CD035C95E16D}.Debug|Any CPU.Build.0 = Debug|Any CPU
		{33E1FE15-0DDE-4EFB-8359-CD035C95E16D}.Release|Any CPU.ActiveCfg = Release|Any CPU
		{33E1FE15-0DDE-4EFB-8359-CD035C95E16D}.Release|Any CPU.Build.0 = Release|Any CPU
		{17D7A05E-C6D1-4892-B92A-FB3741AB588F}.Debug|Any CPU.ActiveCfg = Debug|Any CPU
		{17D7A05E-C6D1-4892-B92A-FB3741AB588F}.Debug|Any CPU.Build.0 = Debug|Any CPU
		{17D7A05E-C6D1-4892-B92A-FB3741AB588F}.Release|Any CPU.ActiveCfg = Release|Any CPU
		{17D7A05E-C6D1-4892-B92A-FB3741AB588F}.Release|Any CPU.Build.0 = Release|Any CPU
		{9FDBC665-FB23-4401-92E3-81E0FF9E4D71}.Debug|Any CPU.ActiveCfg = Debug|Any CPU
		{9FDBC665-FB23-4401-92E3-81E0FF9E4D71}.Debug|Any CPU.Build.0 = Debug|Any CPU
		{9FDBC665-FB23-4401-92E3-81E0FF9E4D71}.Release|Any CPU.ActiveCfg = Release|Any CPU
		{9FDBC665-FB23-4401-92E3-81E0FF9E4D71}.Release|Any CPU.Build.0 = Release|Any CPU
		{98E63E4E-12CE-4F4E-B016-38FBD49AECAA}.Debug|Any CPU.ActiveCfg = Debug|Any CPU
		{98E63E4E-12CE-4F4E-B016-38FBD49AECAA}.Debug|Any CPU.Build.0 = Debug|Any CPU
		{98E63E4E-12CE-4F4E-B016-38FBD49AECAA}.Release|Any CPU.ActiveCfg = Release|Any CPU
		{98E63E4E-12CE-4F4E-B016-38FBD49AECAA}.Release|Any CPU.Build.0 = Release|Any CPU
		{F1256FEA-1F18-4CBC-9BE5-B1E5DF65551A}.Debug|Any CPU.ActiveCfg = Debug|Any CPU
		{F1256FEA-1F18-4CBC-9BE5-B1E5DF65551A}.Debug|Any CPU.Build.0 = Debug|Any CPU
		{F1256FEA-1F18-4CBC-9BE5-B1E5DF65551A}.Release|Any CPU.ActiveCfg = Release|Any CPU
		{F1256FEA-1F18-4CBC-9BE5-B1E5DF65551A}.Release|Any CPU.Build.0 = Release|Any CPU
		{CF8407EE-C42A-4485-ABF8-9AAA80AD172B}.Debug|Any CPU.ActiveCfg = Debug|Any CPU
		{CF8407EE-C42A-4485-ABF8-9AAA80AD172B}.Debug|Any CPU.Build.0 = Debug|Any CPU
		{CF8407EE-C42A-4485-ABF8-9AAA80AD172B}.Release|Any CPU.ActiveCfg = Release|Any CPU
		{CF8407EE-C42A-4485-ABF8-9AAA80AD172B}.Release|Any CPU.Build.0 = Release|Any CPU
		{88D0F5C2-4D5F-47EC-B040-188D8D675601}.Debug|Any CPU.ActiveCfg = Debug|Any CPU
		{88D0F5C2-4D5F-47EC-B040-188D8D675601}.Debug|Any CPU.Build.0 = Debug|Any CPU
		{88D0F5C2-4D5F-47EC-B040-188D8D675601}.Release|Any CPU.ActiveCfg = Release|Any CPU
		{88D0F5C2-4D5F-47EC-B040-188D8D675601}.Release|Any CPU.Build.0 = Release|Any CPU
	EndGlobalSection
	GlobalSection(SolutionProperties) = preSolution
		HideSolutionNode = FALSE
	EndGlobalSection
	GlobalSection(ExtensibilityGlobals) = postSolution
		SolutionGuid = {5B3E6234-DAE2-4D12-82C8-916C1C218208}
	EndGlobalSection
EndGlobal
